
Microsoft Visual Studio Solution File, Format Version 10.00
# Visual Studio 2008
Project("{FAE04EC0-301F-11D3-BF4B-00C04F79EFBC}") = "PodThrower", "PodThrower\PodThrower.csproj", "{9D39F0D1-1F3E-4F62-8D65-06C45A9A04CB}"
EndProject
Project("{2150E333-8FDC-42A3-9474-1A3956D46DE8}") = "ExtraDlls", "ExtraDlls", "{1466CC72-99A1-4FD1-B097-47AB650C0067}"
	ProjectSection(SolutionItems) = preProject
		ExtraDlls\Hardcodet.Wpf.TaskbarNotification.dll = ExtraDlls\Hardcodet.Wpf.TaskbarNotification.dll
		ExtraDlls\Syndication.dll = ExtraDlls\Syndication.dll
		ExtraDlls\WPFToolkit.dll = ExtraDlls\WPFToolkit.dll
	EndProjectSection
EndProject
Project("{54435603-DBB4-11D2-8724-00A0C9A8B90C}") = "PodThrowerSetup", "PodThrowerSetup\PodThrowerSetup.vdproj", "{608FFC55-C436-4ECD-8BFE-8554AA9B44D6}"
EndProject
Global
	GlobalSection(SolutionConfigurationPlatforms) = preSolution
		Debug|Any CPU = Debug|Any CPU
		Release|Any CPU = Release|Any CPU
	EndGlobalSection
	GlobalSection(ProjectConfigurationPlatforms) = postSolution
		{9D39F0D1-1F3E-4F62-8D65-06C45A9A04CB}.Debug|Any CPU.ActiveCfg = Debug|Any CPU
		{9D39F0D1-1F3E-4F62-8D65-06C45A9A04CB}.Debug|Any CPU.Build.0 = Debug|Any CPU
		{9D39F0D1-1F3E-4F62-8D65-06C45A9A04CB}.Release|Any CPU.ActiveCfg = Release|Any CPU
		{9D39F0D1-1F3E-4F62-8D65-06C45A9A04CB}.Release|Any CPU.Build.0 = Release|Any CPU
		{608FFC55-C436-4ECD-8BFE-8554AA9B44D6}.Debug|Any CPU.ActiveCfg = Debug
		{608FFC55-C436-4ECD-8BFE-8554AA9B44D6}.Release|Any CPU.ActiveCfg = Release
		{608FFC55-C436-4ECD-8BFE-8554AA9B44D6}.Release|Any CPU.Build.0 = Release
	EndGlobalSection
	GlobalSection(SolutionProperties) = preSolution
		HideSolutionNode = FALSE
	EndGlobalSection
EndGlobal
